
Microsoft Visual Studio Solution File, Format Version 12.00
# Visual Studio Version 17
VisualStudioVersion = 17.14.36401.2 d17.14
MinimumVisualStudioVersion = 10.0.40219.1
Project("{FAE04EC0-301F-11D3-BF4B-00C04F79EFBC}") = "黃昱憲_BackendTest", "黃昱憲_BackendTest\黃昱憲_BackendTest.csproj", "{05280108-5DEB-409A-B74E-1A7F8BA6DDC3}"
EndProject
Global
	GlobalSection(SolutionConfigurationPlatforms) = preSolution
		Debug|Any CPU = Debug|Any CPU
		Release|Any CPU = Release|Any CPU
	EndGlobalSection
	GlobalSection(ProjectConfigurationPlatforms) = postSolution
		{05280108-5DEB-409A-B74E-1A7F8BA6DDC3}.Debug|Any CPU.ActiveCfg = Debug|Any CPU
		{05280108-5DEB-409A-B74E-1A7F8BA6DDC3}.Debug|Any CPU.Build.0 = Debug|Any CPU
		{05280108-5DEB-409A-B74E-1A7F8BA6DDC3}.Release|Any CPU.ActiveCfg = Release|Any CPU
		{05280108-5DEB-409A-B74E-1A7F8BA6DDC3}.Release|Any CPU.Build.0 = Release|Any CPU
	EndGlobalSection
	GlobalSection(SolutionProperties) = preSolution
		HideSolutionNode = FALSE
	EndGlobalSection
	GlobalSection(ExtensibilityGlobals) = postSolution
		SolutionGuid = {D419652D-FB50-4303-B8A7-E73FFCCEE976}
	EndGlobalSection
EndGlobal
